
Microsoft Visual Studio Solution File, Format Version 12.00
# Visual Studio 15
VisualStudioVersion = 15.0.26730.12
MinimumVisualStudioVersion = 10.0.40219.1
Project("{FAE04EC0-301F-11D3-BF4B-00C04F79EFBC}") = "CBILite", "CBILite\CBILite.csproj", "{73FD5192-3748-488A-B2FC-9FD9BF9E7DDE}"
EndProject
Project("{E24C65DC-7377-472B-9ABA-BC803B73C61A}") = "cbi", "cbi\", "{46ADDF92-EA7A-46C5-B0EC-08C15BDBF4D0}"
	ProjectSection(WebsiteProperties) = preProject
		TargetFrameworkMoniker = ".NETFramework,Version%3Dv4.5.1"
		ProjectReferences = "{73fd5192-3748-488a-b2fc-9fd9bf9e7dde}|CBILite.dll;{C1D0788C-DB5C-4716-B1CA-B5F8F9FB6F4F}|CBILite.Core.dll;"
		Debug.AspNetCompiler.VirtualPath = "/localhost_61806"
		Debug.AspNetCompiler.PhysicalPath = "cbi\"
		Debug.AspNetCompiler.TargetPath = "PrecompiledWeb\localhost_61806\"
		Debug.AspNetCompiler.Updateable = "true"
		Debug.AspNetCompiler.ForceOverwrite = "true"
		Debug.AspNetCompiler.FixedNames = "false"
		Debug.AspNetCompiler.Debug = "True"
		Release.AspNetCompiler.VirtualPath = "/localhost_61806"
		Release.AspNetCompiler.PhysicalPath = "cbi\"
		Release.AspNetCompiler.TargetPath = "PrecompiledWeb\localhost_61806\"
		Release.AspNetCompiler.Updateable = "true"
		Release.AspNetCompiler.ForceOverwrite = "true"
		Release.AspNetCompiler.FixedNames = "false"
		Release.AspNetCompiler.Debug = "False"
		VWDPort = "61806"
		SlnRelativePath = "cbi\"
		DefaultWebSiteLanguage = "Visual Basic"
	EndProjectSection
EndProject
Project("{FAE04EC0-301F-11D3-BF4B-00C04F79EFBC}") = "CBILite.Core", "CBILite.Core\CBILite.Core.csproj", "{C1D0788C-DB5C-4716-B1CA-B5F8F9FB6F4F}"
EndProject
Global
	GlobalSection(SolutionConfigurationPlatforms) = preSolution
		Debug|Any CPU = Debug|Any CPU
		Release|Any CPU = Release|Any CPU
	EndGlobalSection
	GlobalSection(ProjectConfigurationPlatforms) = postSolution
		{73FD5192-3748-488A-B2FC-9FD9BF9E7DDE}.Debug|Any CPU.ActiveCfg = Debug|Any CPU
		{73FD5192-3748-488A-B2FC-9FD9BF9E7DDE}.Debug|Any CPU.Build.0 = Debug|Any CPU
		{73FD5192-3748-488A-B2FC-9FD9BF9E7DDE}.Release|Any CPU.ActiveCfg = Release|Any CPU
		{73FD5192-3748-488A-B2FC-9FD9BF9E7DDE}.Release|Any CPU.Build.0 = Release|Any CPU
		{46ADDF92-EA7A-46C5-B0EC-08C15BDBF4D0}.Debug|Any CPU.ActiveCfg = Debug|Any CPU
		{46ADDF92-EA7A-46C5-B0EC-08C15BDBF4D0}.Debug|Any CPU.Build.0 = Debug|Any CPU
		{46ADDF92-EA7A-46C5-B0EC-08C15BDBF4D0}.Release|Any CPU.ActiveCfg = Debug|Any CPU
		{46ADDF92-EA7A-46C5-B0EC-08C15BDBF4D0}.Release|Any CPU.Build.0 = Debug|Any CPU
		{C1D0788C-DB5C-4716-B1CA-B5F8F9FB6F4F}.Debug|Any CPU.ActiveCfg = Debug|Any CPU
		{C1D0788C-DB5C-4716-B1CA-B5F8F9FB6F4F}.Debug|Any CPU.Build.0 = Debug|Any CPU
		{C1D0788C-DB5C-4716-B1CA-B5F8F9FB6F4F}.Release|Any CPU.ActiveCfg = Release|Any CPU
		{C1D0788C-DB5C-4716-B1CA-B5F8F9FB6F4F}.Release|Any CPU.Build.0 = Release|Any CPU
	EndGlobalSection
	GlobalSection(SolutionProperties) = preSolution
		HideSolutionNode = FALSE
	EndGlobalSection
	GlobalSection(ExtensibilityGlobals) = postSolution
		SolutionGuid = {2A08CE95-CBDA-4BF0-AF05-3B86B87866F9}
	EndGlobalSection
EndGlobal
